<Solution>
  <Folder Name="/src/">
    <Project Path="src/WB.Logging.LogSinks.Text.Base.csproj" />
  </Folder>
  <Folder Name="/tests/" />
  <Folder Name="/tests/UnitTests/" />
  <Folder Name="/tests/UnitTests/src/">
    <Project Path="tests/UnitTests/src/UnitTests.csproj" />
  </Folder>
</Solution>
